
Microsoft Visual Studio Solution File, Format Version 12.00
# Visual Studio 14
VisualStudioVersion = 14.0.23107.0
MinimumVisualStudioVersion = 10.0.40219.1
Project("{FAE04EC0-301F-11D3-BF4B-00C04F79EFBC}") = "UPS.AddressValidation", "UPS.AddressValidation\UPS.AddressValidation.csproj", "{48530C29-07BF-4401-9E04-324D7C6571B2}"
EndProject
Project("{FAE04EC0-301F-11D3-BF4B-00C04F79EFBC}") = "UPS.AddressValidation.Test", "UPS.AddressValidation.Test\UPS.AddressValidation.Test.csproj", "{67BB86BE-E153-4BA3-B62C-3D676B49AA45}"
EndProject
Global
	GlobalSection(SolutionConfigurationPlatforms) = preSolution
		Debug|Any CPU = Debug|Any CPU
		Release|Any CPU = Release|Any CPU
	EndGlobalSection
	GlobalSection(ProjectConfigurationPlatforms) = postSolution
		{48530C29-07BF-4401-9E04-324D7C6571B2}.Debug|Any CPU.ActiveCfg = Debug|Any CPU
		{48530C29-07BF-4401-9E04-324D7C6571B2}.Debug|Any CPU.Build.0 = Debug|Any CPU
		{48530C29-07BF-4401-9E04-324D7C6571B2}.Release|Any CPU.ActiveCfg = Release|Any CPU
		{48530C29-07BF-4401-9E04-324D7C6571B2}.Release|Any CPU.Build.0 = Release|Any CPU
		{67BB86BE-E153-4BA3-B62C-3D676B49AA45}.Debug|Any CPU.ActiveCfg = Debug|Any CPU
		{67BB86BE-E153-4BA3-B62C-3D676B49AA45}.Debug|Any CPU.Build.0 = Debug|Any CPU
		{67BB86BE-E153-4BA3-B62C-3D676B49AA45}.Release|Any CPU.ActiveCfg = Release|Any CPU
		{67BB86BE-E153-4BA3-B62C-3D676B49AA45}.Release|Any CPU.Build.0 = Release|Any CPU
	EndGlobalSection
	GlobalSection(SolutionProperties) = preSolution
		HideSolutionNode = FALSE
	EndGlobalSection
EndGlobal
